// !$*UTF8*$!
{
	archiveVersion = 1;
	classes = {
	};
	objectVersion = 56;
	objects = {

/* Begin PBXBuildFile section */
		D88044A72C6BBAB5008441BB /* AppDelegate.swift in Sources */ = {isa = PBXBuildFile; fileRef = D88044A62C6BBAB5008441BB /* AppDelegate.swift */; };
		D88044A92C6BBAB5008441BB /* SceneDelegate.swift in Sources */ = {isa = PBXBuildFile; fileRef = D88044A82C6BBAB5008441BB /* SceneDelegate.swift */; };
		D88044AB2C6BBAB5008441BB /* ViewController.swift in Sources */ = {isa = PBXBuildFile; fileRef = D88044AA2C6BBAB5008441BB /* ViewController.swift */; };
		D88044AE2C6BBAB5008441BB /* Main.storyboard in Resources */ = {isa = PBXBuildFile; fileRef = D88044AC2C6BBAB5008441BB /* Main.storyboard */; };
		D88044B12C6BBAB5008441BB /* PetShop.xcdatamodeld in Sources */ = {isa = PBXBuildFile; fileRef = D88044AF2C6BBAB5008441BB /* PetShop.xcdatamodeld */; };
		D88044B32C6BBAB7008441BB /* Assets.xcassets in Resources */ = {isa = PBXBuildFile; fileRef = D88044B22C6BBAB7008441BB /* Assets.xcassets */; };
		D88044B62C6BBAB7008441BB /* LaunchScreen.storyboard in Resources */ = {isa = PBXBuildFile; fileRef = D88044B42C6BBAB7008441BB /* LaunchScreen.storyboard */; };
		D88044C12C6BBAB7008441BB /* PetShopTests.swift in Sources */ = {isa = PBXBuildFile; fileRef = D88044C02C6BBAB7008441BB /* PetShopTests.swift */; };
		D88044CB2C6BBAB7008441BB /* PetShopUITests.swift in Sources */ = {isa = PBXBuildFile; fileRef = D88044CA2C6BBAB7008441BB /* PetShopUITests.swift */; };
		D88044CD2C6BBAB7008441BB /* PetShopUITestsLaunchTests.swift in Sources */ = {isa = PBXBuildFile; fileRef = D88044CC2C6BBAB7008441BB /* PetShopUITestsLaunchTests.swift */; };
/* End PBXBuildFile section */

/* Begin PBXContainerItemProxy section */
		D88044BD2C6BBAB7008441BB /* PBXContainerItemProxy */ = {
			isa = PBXContainerItemProxy;
			containerPortal = D880449B2C6BBAB5008441BB /* Project object */;
			proxyType = 1;
			remoteGlobalIDString = D88044A22C6BBAB5008441BB;
			remoteInfo = PetShop;
		};
		D88044C72C6BBAB7008441BB /* PBXContainerItemProxy */ = {
			isa = PBXContainerItemProxy;
			containerPortal = D880449B2C6BBAB5008441BB /* Project object */;
			proxyType = 1;
			remoteGlobalIDString = D88044A22C6BBAB5008441BB;
			remoteInfo = PetShop;
		};
/* End PBXContainerItemProxy section */

/* Begin PBXFileReference section */
		D88044A32C6BBAB5008441BB /* PetShop.app */ = {isa = PBXFileReference; explicitFileType = wrapper.application; includeInIndex = 0; path = PetShop.app; sourceTree = BUILT_PRODUCTS_DIR; };
		D88044A62C6BBAB5008441BB /* AppDelegate.swift */ = {isa = PBXFileReference; lastKnownFileType = sourcecode.swift; path = AppDelegate.swift; sourceTree = "<group>"; };
		D88044A82C6BBAB5008441BB /* SceneDelegate.swift */ = {isa = PBXFileReference; lastKnownFileType = sourcecode.swift; path = SceneDelegate.swift; sourceTree = "<group>"; };
		D88044AA2C6BBAB5008441BB /* ViewController.swift */ = {isa = PBXFileReference; lastKnownFileType = sourcecode.swift; path = ViewController.swift; sourceTree = "<group>"; };
		D88044AD2C6BBAB5008441BB /* Base */ = {isa = PBXFileReference; lastKnownFileType = file.storyboard; name = Base; path = Base.lproj/Main.storyboard; sourceTree = "<group>"; };
		D88044B02C6BBAB5008441BB /* PetShop.xcdatamodel */ = {isa = PBXFileReference; lastKnownFileType = wrapper.xcdatamodel; path = PetShop.xcdatamodel; sourceTree = "<group>"; };
		D88044B22C6BBAB7008441BB /* Assets.xcassets */ = {isa = PBXFileReference; lastKnownFileType = folder.assetcatalog; path = Assets.xcassets; sourceTree = "<group>"; };
		D88044B52C6BBAB7008441BB /* Base */ = {isa = PBXFileReference; lastKnownFileType = file.storyboard; name = Base; path = Base.lproj/LaunchScreen.storyboard; sourceTree = "<group>"; };
		D88044B72C6BBAB7008441BB /* Info.plist */ = {isa = PBXFileReference; lastKnownFileType = text.plist.xml; path = Info.plist; sourceTree = "<group>"; };
		D88044BC2C6BBAB7008441BB /* PetShopTests.xctest */ = {isa = PBXFileReference; explicitFileType = wrapper.cfbundle; includeInIndex = 0; path = PetShopTests.xctest; sourceTree = BUILT_PRODUCTS_DIR; };
		D88044C02C6BBAB7008441BB /* PetShopTests.swift */ = {isa = PBXFileReference; lastKnownFileType = sourcecode.swift; path = PetShopTests.swift; sourceTree = "<group>"; };
		D88044C62C6BBAB7008441BB /* PetShopUITests.xctest */ = {isa = PBXFileReference; explicitFileType = wrapper.cfbundle; includeInIndex = 0; path = PetShopUITests.xctest; sourceTree = BUILT_PRODUCTS_DIR; };
		D88044CA2C6BBAB7008441BB /* PetShopUITests.swift */ = {isa = PBXFileReference; lastKnownFileType = sourcecode.swift; path = PetShopUITests.swift; sourceTree = "<group>"; };
		D88044CC2C6BBAB7008441BB /* PetShopUITestsLaunchTests.swift */ = {isa = PBXFileReference; lastKnownFileType = sourcecode.swift; path = PetShopUITestsLaunchTests.swift; sourceTree = "<group>"; };
/* End PBXFileReference section */

/* Begin PBXFrameworksBuildPhase section */
		D88044A02C6BBAB5008441BB /* Frameworks */ = {
			isa = PBXFrameworksBuildPhase;
			buildActionMask = 2147483647;
			files = (
			);
			runOnlyForDeploymentPostprocessing = 0;
		};
		D88044B92C6BBAB7008441BB /* Frameworks */ = {
			isa = PBXFrameworksBuildPhase;
			buildActionMask = 2147483647;
			files = (
			);
			runOnlyForDeploymentPostprocessing = 0;
		};
		D88044C32C6BBAB7008441BB /* Frameworks */ = {
			isa = PBXFrameworksBuildPhase;
			buildActionMask = 2147483647;
			files = (
			);
			runOnlyForDeploymentPostprocessing = 0;
		};
/* End PBXFrameworksBuildPhase section */

/* Begin PBXGroup section */
		D880449A2C6BBAB5008441BB = {
			isa = PBXGroup;
			children = (
				D88044A52C6BBAB5008441BB /* PetShop */,
				D88044BF2C6BBAB7008441BB /* PetShopTests */,
				D88044C92C6BBAB7008441BB /* PetShopUITests */,
				D88044A42C6BBAB5008441BB /* Products */,
			);
			sourceTree = "<group>";
		};
		D88044A42C6BBAB5008441BB /* Products */ = {
			isa = PBXGroup;
			children = (
				D88044A32C6BBAB5008441BB /* PetShop.app */,
				D88044BC2C6BBAB7008441BB /* PetShopTests.xctest */,
				D88044C62C6BBAB7008441BB /* PetShopUITests.xctest */,
			);
			name = Products;
			sourceTree = "<group>";
		};
		D88044A52C6BBAB5008441BB /* PetShop */ = {
			isa = PBXGroup;
			children = (
				D88044A62C6BBAB5008441BB /* AppDelegate.swift */,
				D88044A82C6BBAB5008441BB /* SceneDelegate.swift */,
				D88044AA2C6BBAB5008441BB /* ViewController.swift */,
				D88044AC2C6BBAB5008441BB /* Main.storyboard */,
				D88044B22C6BBAB7008441BB /* Assets.xcassets */,
				D88044B42C6BBAB7008441BB /* LaunchScreen.storyboard */,
				D88044B72C6BBAB7008441BB /* Info.plist */,
				D88044AF2C6BBAB5008441BB /* PetShop.xcdatamodeld */,
			);
			path = PetShop;
			sourceTree = "<group>";
		};
		D88044BF2C6BBAB7008441BB /* PetShopTests */ = {
			isa = PBXGroup;
			children = (
				D88044C02C6BBAB7008441BB /* PetShopTests.swift */,
			);
			path = PetShopTests;
			sourceTree = "<group>";
		};
		D88044C92C6BBAB7008441BB /* PetShopUITests */ = {
			isa = PBXGroup;
			children = (
				D88044CA2C6BBAB7008441BB /* PetShopUITests.swift */,
				D88044CC2C6BBAB7008441BB /* PetShopUITestsLaunchTests.swift */,
			);
			path = PetShopUITests;
			sourceTree = "<group>";
		};
/* End PBXGroup section */

/* Begin PBXNativeTarget section */
		D88044A22C6BBAB5008441BB /* PetShop */ = {
			isa = PBXNativeTarget;
			buildConfigurationList = D88044D02C6BBAB7008441BB /* Build configuration list for PBXNativeTarget "PetShop" */;
			buildPhases = (
				D880449F2C6BBAB5008441BB /* Sources */,
				D88044A02C6BBAB5008441BB /* Frameworks */,
				D88044A12C6BBAB5008441BB /* Resources */,
			);
			buildRules = (
			);
			dependencies = (
			);
			name = PetShop;
			productName = PetShop;
			productReference = D88044A32C6BBAB5008441BB /* PetShop.app */;
			productType = "com.apple.product-type.application";
		};
		D88044BB2C6BBAB7008441BB /* PetShopTests */ = {
			isa = PBXNativeTarget;
			buildConfigurationList = D88044D32C6BBAB7008441BB /* Build configuration list for PBXNativeTarget "PetShopTests" */;
			buildPhases = (
				D88044B82C6BBAB7008441BB /* Sources */,
				D88044B92C6BBAB7008441BB /* Frameworks */,
				D88044BA2C6BBAB7008441BB /* Resources */,
			);
			buildRules = (
			);
			dependencies = (
				D88044BE2C6BBAB7008441BB /* PBXTargetDependency */,
			);
			name = PetShopTests;
			productName = PetShopTests;
			productReference = D88044BC2C6BBAB7008441BB /* PetShopTests.xctest */;
			productType = "com.apple.product-type.bundle.unit-test";
		};
		D88044C52C6BBAB7008441BB /* PetShopUITests */ = {
			isa = PBXNativeTarget;
			buildConfigurationList = D88044D62C6BBAB7008441BB /* Build configuration list for PBXNativeTarget "PetShopUITests" */;
			buildPhases = (
				D88044C22C6BBAB7008441BB /* Sources */,
				D88044C32C6BBAB7008441BB /* Frameworks */,
				D88044C42C6BBAB7008441BB /* Resources */,
			);
			buildRules = (
			);
			dependencies = (
				D88044C82C6BBAB7008441BB /* PBXTargetDependency */,
			);
			name = PetShopUITests;
			productName = PetShopUITests;
			productReference = D88044C62C6BBAB7008441BB /* PetShopUITests.xctest */;
			productType = "com.apple.product-type.bundle.ui-testing";
		};
/* End PBXNativeTarget section */

/* Begin PBXProject section */
		D880449B2C6BBAB5008441BB /* Project object */ = {
			isa = PBXProject;
			attributes = {
				BuildIndependentTargetsInParallel = 1;
				LastSwiftUpdateCheck = 1500;
				LastUpgradeCheck = 1500;
				TargetAttributes = {
					D88044A22C6BBAB5008441BB = {
						CreatedOnToolsVersion = 15.0.1;
					};
					D88044BB2C6BBAB7008441BB = {
						CreatedOnToolsVersion = 15.0.1;
						TestTargetID = D88044A22C6BBAB5008441BB;
					};
					D88044C52C6BBAB7008441BB = {
						CreatedOnToolsVersion = 15.0.1;
						TestTargetID = D88044A22C6BBAB5008441BB;
					};
				};
			};
			buildConfigurationList = D880449E2C6BBAB5008441BB /* Build configuration list for PBXProject "PetShop" */;
			compatibilityVersion = "Xcode 14.0";
			developmentRegion = en;
			hasScannedForEncodings = 0;
			knownRegions = (
				en,
				Base,
			);
			mainGroup = D880449A2C6BBAB5008441BB;
			productRefGroup = D88044A42C6BBAB5008441BB /* Products */;
			projectDirPath = "";
			projectRoot = "";
			targets = (
				D88044A22C6BBAB5008441BB /* PetShop */,
				D88044BB2C6BBAB7008441BB /* PetShopTests */,
				D88044C52C6BBAB7008441BB /* PetShopUITests */,
			);
		};
/* End PBXProject section */

/* Begin PBXResourcesBuildPhase section */
		D88044A12C6BBAB5008441BB /* Resources */ = {
			isa = PBXResourcesBuildPhase;
			buildActionMask = 2147483647;
			files = (
				D88044B62C6BBAB7008441BB /* LaunchScreen.storyboard in Resources */,
				D88044B32C6BBAB7008441BB /* Assets.xcassets in Resources */,
				D88044AE2C6BBAB5008441BB /* Main.storyboard in Resources */,
			);
			runOnlyForDeploymentPostprocessing = 0;
		};
		D88044BA2C6BBAB7008441BB /* Resources */ = {
			isa = PBXResourcesBuildPhase;
			buildActionMask = 2147483647;
			files = (
			);
			runOnlyForDeploymentPostprocessing = 0;
		};
		D88044C42C6BBAB7008441BB /* Resources */ = {
			isa = PBXResourcesBuildPhase;
			buildActionMask = 2147483647;
			files = (
			);
			runOnlyForDeploymentPostprocessing = 0;
		};
/* End PBXResourcesBuildPhase section */

/* Begin PBXSourcesBuildPhase section */
		D880449F2C6BBAB5008441BB /* Sources */ = {
			isa = PBXSourcesBuildPhase;
			buildActionMask = 2147483647;
			files = (
				D88044AB2C6BBAB5008441BB /* ViewController.swift in Sources */,
				D88044A72C6BBAB5008441BB /* AppDelegate.swift in Sources */,
				D88044A92C6BBAB5008441BB /* SceneDelegate.swift in Sources */,
				D88044B12C6BBAB5008441BB /* PetShop.xcdatamodeld in Sources */,
			);
			runOnlyForDeploymentPostprocessing = 0;
		};
		D88044B82C6BBAB7008441BB /* Sources */ = {
			isa = PBXSourcesBuildPhase;
			buildActionMask = 2147483647;
			files = (
				D88044C12C6BBAB7008441BB /* PetShopTests.swift in Sources */,
			);
			runOnlyForDeploymentPostprocessing = 0;
		};
		D88044C22C6BBAB7008441BB /* Sources */ = {
			isa = PBXSourcesBuildPhase;
			buildActionMask = 2147483647;
			files = (
				D88044CD2C6BBAB7008441BB /* PetShopUITestsLaunchTests.swift in Sources */,
				D88044CB2C6BBAB7008441BB /* PetShopUITests.swift in Sources */,
			);
			runOnlyForDeploymentPostprocessing = 0;
		};
/* End PBXSourcesBuildPhase section */

/* Begin PBXTargetDependency section */
		D88044BE2C6BBAB7008441BB /* PBXTargetDependency */ = {
			isa = PBXTargetDependency;
			target = D88044A22C6BBAB5008441BB /* PetShop */;
			targetProxy = D88044BD2C6BBAB7008441BB /* PBXContainerItemProxy */;
		};
		D88044C82C6BBAB7008441BB /* PBXTargetDependency */ = {
			isa = PBXTargetDependency;
			target = D88044A22C6BBAB5008441BB /* PetShop */;
			targetProxy = D88044C72C6BBAB7008441BB /* PBXContainerItemProxy */;
		};
/* End PBXTargetDependency section */

/* Begin PBXVariantGroup section */
		D88044AC2C6BBAB5008441BB /* Main.storyboard */ = {
			isa = PBXVariantGroup;
			children = (
				D88044AD2C6BBAB5008441BB /* Base */,
			);
			name = Main.storyboard;
			sourceTree = "<group>";
		};
		D88044B42C6BBAB7008441BB /* LaunchScreen.storyboard */ = {
			isa = PBXVariantGroup;
			children = (
				D88044B52C6BBAB7008441BB /* Base */,
			);
			name = LaunchScreen.storyboard;
			sourceTree = "<group>";
		};
/* End PBXVariantGroup section */

/* Begin XCBuildConfiguration section */
		D88044CE2C6BBAB7008441BB /* Debug */ = {
			isa = XCBuildConfiguration;
			buildSettings = {
				ALWAYS_SEARCH_USER_PATHS = NO;
				ASSETCATALOG_COMPILER_GENERATE_SWIFT_ASSET_SYMBOL_EXTENSIONS = YES;
				CLANG_ANALYZER_NONNULL = YES;
				CLANG_ANALYZER_NUMBER_OBJECT_CONVERSION = YES_AGGRESSIVE;
				CLANG_CXX_LANGUAGE_STANDARD = "gnu++20";
				CLANG_ENABLE_MODULES = YES;
				CLANG_ENABLE_OBJC_ARC = YES;
				CLANG_ENABLE_OBJC_WEAK = YES;
				CLANG_WARN_BLOCK_CAPTURE_AUTORELEASING = YES;
				CLANG_WARN_BOOL_CONVERSION = YES;
				CLANG_WARN_COMMA = YES;
				CLANG_WARN_CONSTANT_CONVERSION = YES;
				CLANG_WARN_DEPRECATED_OBJC_IMPLEMENTATIONS = YES;
				CLANG_WARN_DIRECT_OBJC_ISA_USAGE = YES_ERROR;
				CLANG_WARN_DOCUMENTATION_COMMENTS = YES;
				CLANG_WARN_EMPTY_BODY = YES;
				CLANG_WARN_ENUM_CONVERSION = YES;
				CLANG_WARN_INFINITE_RECURSION = YES;
				CLANG_WARN_INT_CONVERSION = YES;
				CLANG_WARN_NON_LITERAL_NULL_CONVERSION = YES;
				CLANG_WARN_OBJC_IMPLICIT_RETAIN_SELF = YES;
				CLANG_WARN_OBJC_LITERAL_CONVERSION = YES;
				CLANG_WARN_OBJC_ROOT_CLASS = YES_ERROR;
				CLANG_WARN_QUOTED_INCLUDE_IN_FRAMEWORK_HEADER = YES;
				CLANG_WARN_RANGE_LOOP_ANALYSIS = YES;
				CLANG_WARN_STRICT_PROTOTYPES = YES;
				CLANG_WARN_SUSPICIOUS_MOVE = YES;
				CLANG_WARN_UNGUARDED_AVAILABILITY = YES_AGGRESSIVE;
				CLANG_WARN_UNREACHABLE_CODE = YES;
				CLANG_WARN__DUPLICATE_METHOD_MATCH = YES;
				COPY_PHASE_STRIP = NO;
				DEBUG_INFORMATION_FORMAT = dwarf;
				ENABLE_STRICT_OBJC_MSGSEND = YES;
				ENABLE_TESTABILITY = YES;
				ENABLE_USER_SCRIPT_SANDBOXING = YES;
				GCC_C_LANGUAGE_STANDARD = gnu17;
				GCC_DYNAMIC_NO_PIC = NO;
				GCC_NO_COMMON_BLOCKS = YES;
				GCC_OPTIMIZATION_LEVEL = 0;
				GCC_PREPROCESSOR_DEFINITIONS = (
					"DEBUG=1",
					"$(inherited)",
				);
				GCC_WARN_64_TO_32_BIT_CONVERSION = YES;
				GCC_WARN_ABOUT_RETURN_TYPE = YES_ERROR;
				GCC_WARN_UNDECLARED_SELECTOR = YES;
				GCC_WARN_UNINITIALIZED_AUTOS = YES_AGGRESSIVE;
				GCC_WARN_UNUSED_FUNCTION = YES;
				GCC_WARN_UNUSED_VARIABLE = YES;
				IPHONEOS_DEPLOYMENT_TARGET = 17.0;
				LOCALIZATION_PREFERS_STRING_CATALOGS = YES;
				MTL_ENABLE_DEBUG_INFO = INCLUDE_SOURCE;
				MTL_FAST_MATH = YES;
				ONLY_ACTIVE_ARCH = YES;
				SDKROOT = iphoneos;
				SWIFT_ACTIVE_COMPILATION_CONDITIONS = "DEBUG $(inherited)";
				SWIFT_OPTIMIZATION_LEVEL = "-Onone";
			};
			name = Debug;
		};
		D88044CF2C6BBAB7008441BB /* Release */ = {
			isa = XCBuildConfiguration;
			buildSettings = {
				ALWAYS_SEARCH_USER_PATHS = NO;
				ASSETCATALOG_COMPILER_GENERATE_SWIFT_ASSET_SYMBOL_EXTENSIONS = YES;
				CLANG_ANALYZER_NONNULL = YES;
				CLANG_ANALYZER_NUMBER_OBJECT_CONVERSION = YES_AGGRESSIVE;
				CLANG_CXX_LANGUAGE_STANDARD = "gnu++20";
				CLANG_ENABLE_MODULES = YES;
				CLANG_ENABLE_OBJC_ARC = YES;
				CLANG_ENABLE_OBJC_WEAK = YES;
				CLANG_WARN_BLOCK_CAPTURE_AUTORELEASING = YES;
				CLANG_WARN_BOOL_CONVERSION = YES;
				CLANG_WARN_COMMA = YES;
				CLANG_WARN_CONSTANT_CONVERSION = YES;
				CLANG_WARN_DEPRECATED_OBJC_IMPLEMENTATIONS = YES;
				CLANG_WARN_DIRECT_OBJC_ISA_USAGE = YES_ERROR;
				CLANG_WARN_DOCUMENTATION_COMMENTS = YES;
				CLANG_WARN_EMPTY_BODY = YES;
				CLANG_WARN_ENUM_CONVERSION = YES;
				CLANG_WARN_INFINITE_RECURSION = YES;
				CLANG_WARN_INT_CONVERSION = YES;
				CLANG_WARN_NON_LITERAL_NULL_CONVERSION = YES;
				CLANG_WARN_OBJC_IMPLICIT_RETAIN_SELF = YES;
				CLANG_WARN_OBJC_LITERAL_CONVERSION = YES;
				CLANG_WARN_OBJC_ROOT_CLASS = YES_ERROR;
				CLANG_WARN_QUOTED_INCLUDE_IN_FRAMEWORK_HEADER = YES;
				CLANG_WARN_RANGE_LOOP_ANALYSIS = YES;
				CLANG_WARN_STRICT_PROTOTYPES = YES;
				CLANG_WARN_SUSPICIOUS_MOVE = YES;
				CLANG_WARN_UNGUARDED_AVAILABILITY = YES_AGGRESSIVE;
				CLANG_WARN_UNREACHABLE_CODE = YES;
				CLANG_WARN__DUPLICATE_METHOD_MATCH = YES;
				COPY_PHASE_STRIP = NO;
				DEBUG_INFORMATION_FORMAT = "dwarf-with-dsym";
				ENABLE_NS_ASSERTIONS = NO;
				ENABLE_STRICT_OBJC_MSGSEND = YES;
				ENABLE_USER_SCRIPT_SANDBOXING = YES;
				GCC_C_LANGUAGE_STANDARD = gnu17;
				GCC_NO_COMMON_BLOCKS = YES;
				GCC_WARN_64_TO_32_BIT_CONVERSION = YES;
				GCC_WARN_ABOUT_RETURN_TYPE = YES_ERROR;
				GCC_WARN_UNDECLARED_SELECTOR = YES;
				GCC_WARN_UNINITIALIZED_AUTOS = YES_AGGRESSIVE;
				GCC_WARN_UNUSED_FUNCTION = YES;
				GCC_WARN_UNUSED_VARIABLE = YES;
				IPHONEOS_DEPLOYMENT_TARGET = 17.0;
				LOCALIZATION_PREFERS_STRING_CATALOGS = YES;
				MTL_ENABLE_DEBUG_INFO = NO;
				MTL_FAST_MATH = YES;
				SDKROOT = iphoneos;
				SWIFT_COMPILATION_MODE = wholemodule;
				VALIDATE_PRODUCT = YES;
			};
			name = Release;
		};
		D88044D12C6BBAB7008441BB /* Debug */ = {
			isa = XCBuildConfiguration;
			buildSettings = {
				ASSETCATALOG_COMPILER_APPICON_NAME = AppIcon;
				ASSETCATALOG_COMPILER_GLOBAL_ACCENT_COLOR_NAME = AccentColor;
				CODE_SIGN_STYLE = Automatic;
				CURRENT_PROJECT_VERSION = 1;
				GENERATE_INFOPLIST_FILE = YES;
				INFOPLIST_FILE = PetShop/Info.plist;
				INFOPLIST_KEY_UIApplicationSupportsIndirectInputEvents = YES;
				INFOPLIST_KEY_UILaunchStoryboardName = LaunchScreen;
				INFOPLIST_KEY_UIMainStoryboardFile = Main;
				INFOPLIST_KEY_UISupportedInterfaceOrientations_iPad = "UIInterfaceOrientationPortrait UIInterfaceOrientationPortraitUpsideDown UIInterfaceOrientationLandscapeLeft UIInterfaceOrientationLandscapeRight";
				INFOPLIST_KEY_UISupportedInterfaceOrientations_iPhone = "UIInterfaceOrientationPortrait UIInterfaceOrientationLandscapeLeft UIInterfaceOrientationLandscapeRight";
				LD_RUNPATH_SEARCH_PATHS = (
					"$(inherited)",
					"@executable_path/Frameworks",
				);
				MARKETING_VERSION = 1.0;
				PRODUCT_BUNDLE_IDENTIFIER = nine.PetShop;
				PRODUCT_NAME = "$(TARGET_NAME)";
				SWIFT_EMIT_LOC_STRINGS = YES;
				SWIFT_VERSION = 5.0;
				TARGETED_DEVICE_FAMILY = "1,2";
			};
			name = Debug;
		};
		D88044D22C6BBAB7008441BB /* Release */ = {
			isa = XCBuildConfiguration;
			buildSettings = {
				ASSETCATALOG_COMPILER_APPICON_NAME = AppIcon;
				ASSETCATALOG_COMPILER_GLOBAL_ACCENT_COLOR_NAME = AccentColor;
				CODE_SIGN_STYLE = Automatic;
				CURRENT_PROJECT_VERSION = 1;
				GENERATE_INFOPLIST_FILE = YES;
				INFOPLIST_FILE = PetShop/Info.plist;
				INFOPLIST_KEY_UIApplicationSupportsIndirectInputEvents = YES;
				INFOPLIST_KEY_UILaunchStoryboardName = LaunchScreen;
				INFOPLIST_KEY_UIMainStoryboardFile = Main;
				INFOPLIST_KEY_UISupportedInterfaceOrientations_iPad = "UIInterfaceOrientationPortrait UIInterfaceOrientationPortraitUpsideDown UIInterfaceOrientationLandscapeLeft UIInterfaceOrientationLandscapeRight";
				INFOPLIST_KEY_UISupportedInterfaceOrientations_iPhone = "UIInterfaceOrientationPortrait UIInterfaceOrientationLandscapeLeft UIInterfaceOrientationLandscapeRight";
				LD_RUNPATH_SEARCH_PATHS = (
					"$(inherited)",
					"@executable_path/Frameworks",
				);
				MARKETING_VERSION = 1.0;
				PRODUCT_BUNDLE_IDENTIFIER = nine.PetShop;
				PRODUCT_NAME = "$(TARGET_NAME)";
				SWIFT_EMIT_LOC_STRINGS = YES;
				SWIFT_VERSION = 5.0;
				TARGETED_DEVICE_FAMILY = "1,2";
			};
			name = Release;
		};
		D88044D42C6BBAB7008441BB /* Debug */ = {
			isa = XCBuildConfiguration;
			buildSettings = {
				ALWAYS_EMBED_SWIFT_STANDARD_LIBRARIES = YES;
				BUNDLE_LOADER = "$(TEST_HOST)";
				CODE_SIGN_STYLE = Automatic;
				CURRENT_PROJECT_VERSION = 1;
				GENERATE_INFOPLIST_FILE = YES;
				IPHONEOS_DEPLOYMENT_TARGET = 17.0;
				MARKETING_VERSION = 1.0;
				PRODUCT_BUNDLE_IDENTIFIER = nine.PetShopTests;
				PRODUCT_NAME = "$(TARGET_NAME)";
				SWIFT_EMIT_LOC_STRINGS = NO;
				SWIFT_VERSION = 5.0;
				TARGETED_DEVICE_FAMILY = "1,2";
				TEST_HOST = "$(BUILT_PRODUCTS_DIR)/PetShop.app/$(BUNDLE_EXECUTABLE_FOLDER_PATH)/PetShop";
			};
			name = Debug;
		};
		D88044D52C6BBAB7008441BB /* Release */ = {
			isa = XCBuildConfiguration;
			buildSettings = {
				ALWAYS_EMBED_SWIFT_STANDARD_LIBRARIES = YES;
				BUNDLE_LOADER = "$(TEST_HOST)";
				CODE_SIGN_STYLE = Automatic;
				CURRENT_PROJECT_VERSION = 1;
				GENERATE_INFOPLIST_FILE = YES;
				IPHONEOS_DEPLOYMENT_TARGET = 17.0;
				MARKETING_VERSION = 1.0;
				PRODUCT_BUNDLE_IDENTIFIER = nine.PetShopTests;
				PRODUCT_NAME = "$(TARGET_NAME)";
				SWIFT_EMIT_LOC_STRINGS = NO;
				SWIFT_VERSION = 5.0;
				TARGETED_DEVICE_FAMILY = "1,2";
				TEST_HOST = "$(BUILT_PRODUCTS_DIR)/PetShop.app/$(BUNDLE_EXECUTABLE_FOLDER_PATH)/PetShop";
			};
			name = Release;
		};
		D88044D72C6BBAB7008441BB /* Debug */ = {
			isa = XCBuildConfiguration;
			buildSettings = {
				ALWAYS_EMBED_SWIFT_STANDARD_LIBRARIES = YES;
				CODE_SIGN_STYLE = Automatic;
				CURRENT_PROJECT_VERSION = 1;
				GENERATE_INFOPLIST_FILE = YES;
				MARKETING_VERSION = 1.0;
				PRODUCT_BUNDLE_IDENTIFIER = nine.PetShopUITests;
				PRODUCT_NAME = "$(TARGET_NAME)";
				SWIFT_EMIT_LOC_STRINGS = NO;
				SWIFT_VERSION = 5.0;
				TARGETED_DEVICE_FAMILY = "1,2";
				TEST_TARGET_NAME = PetShop;
			};
			name = Debug;
		};
		D88044D82C6BBAB7008441BB /* Release */ = {
			isa = XCBuildConfiguration;
			buildSettings = {
				ALWAYS_EMBED_SWIFT_STANDARD_LIBRARIES = YES;
				CODE_SIGN_STYLE = Automatic;
				CURRENT_PROJECT_VERSION = 1;
				GENERATE_INFOPLIST_FILE = YES;
				MARKETING_VERSION = 1.0;
				PRODUCT_BUNDLE_IDENTIFIER = nine.PetShopUITests;
				PRODUCT_NAME = "$(TARGET_NAME)";
				SWIFT_EMIT_LOC_STRINGS = NO;
				SWIFT_VERSION = 5.0;
				TARGETED_DEVICE_FAMILY = "1,2";
				TEST_TARGET_NAME = PetShop;
			};
			name = Release;
		};
/* End XCBuildConfiguration section */

/* Begin XCConfigurationList section */
		D880449E2C6BBAB5008441BB /* Build configuration list for PBXProject "PetShop" */ = {
			isa = XCConfigurationList;
			buildConfigurations = (
				D88044CE2C6BBAB7008441BB /* Debug */,
				D88044CF2C6BBAB7008441BB /* Release */,
			);
			defaultConfigurationIsVisible = 0;
			defaultConfigurationName = Release;
		};
		D88044D02C6BBAB7008441BB /* Build configuration list for PBXNativeTarget "PetShop" */ = {
			isa = XCConfigurationList;
			buildConfigurations = (
				D88044D12C6BBAB7008441BB /* Debug */,
				D88044D22C6BBAB7008441BB /* Release */,
			);
			defaultConfigurationIsVisible = 0;
			defaultConfigurationName = Release;
		};
		D88044D32C6BBAB7008441BB /* Build configuration list for PBXNativeTarget "PetShopTests" */ = {
			isa = XCConfigurationList;
			buildConfigurations = (
				D88044D42C6BBAB7008441BB /* Debug */,
				D88044D52C6BBAB7008441BB /* Release */,
			);
			defaultConfigurationIsVisible = 0;
			defaultConfigurationName = Release;
		};
		D88044D62C6BBAB7008441BB /* Build configuration list for PBXNativeTarget "PetShopUITests" */ = {
			isa = XCConfigurationList;
			buildConfigurations = (
				D88044D72C6BBAB7008441BB /* Debug */,
				D88044D82C6BBAB7008441BB /* Release */,
			);
			defaultConfigurationIsVisible = 0;
			defaultConfigurationName = Release;
		};
/* End XCConfigurationList section */

/* Begin XCVersionGroup section */
		D88044AF2C6BBAB5008441BB /* PetShop.xcdatamodeld */ = {
			isa = XCVersionGroup;
			children = (
				D88044B02C6BBAB5008441BB /* PetShop.xcdatamodel */,
			);
			currentVersion = D88044B02C6BBAB5008441BB /* PetShop.xcdatamodel */;
			path = PetShop.xcdatamodeld;
			sourceTree = "<group>";
			versionGroupType = wrapper.xcdatamodel;
		};
/* End XCVersionGroup section */
	};
	rootObject = D880449B2C6BBAB5008441BB /* Project object */;
}
